// !$*UTF8*$!
{
	archiveVersion = 1;
	classes = {
	};
	objectVersion = 55;
	objects = {

/* Begin PBXBuildFile section */
		AA02A4E027AD9F9500D3A6C0 /* WidgetKit.framework in Frameworks */ = {isa = PBXBuildFile; fileRef = AA02A4A127AD9DBC00D3A6C0 /* WidgetKit.framework */; platformFilter = maccatalyst; };
		AA02A4E127AD9F9500D3A6C0 /* SwiftUI.framework in Frameworks */ = {isa = PBXBuildFile; fileRef = AA02A4A327AD9DBC00D3A6C0 /* SwiftUI.framework */; platformFilter = maccatalyst; };
		AA02A4E427AD9F9500D3A6C0 /* WeatherWidget.swift in Sources */ = {isa = PBXBuildFile; fileRef = AA02A4E327AD9F9500D3A6C0 /* WeatherWidget.swift */; };
		AA02A4E627AD9F9600D3A6C0 /* Assets.xcassets in Resources */ = {isa = PBXBuildFile; fileRef = AA02A4E527AD9F9600D3A6C0 /* Assets.xcassets */; };
		AA02A4EA27AD9F9600D3A6C0 /* WeatherWidgetExtension.appex in Embed App Extensions */ = {isa = PBXBuildFile; fileRef = AA02A4DF27AD9F9500D3A6C0 /* WeatherWidgetExtension.appex */; settings = {ATTRIBUTES = (RemoveHeadersOnCopy, ); }; };
		AA02A4F327AE7E9600D3A6C0 /* Assets.xcassets in Resources */ = {isa = PBXBuildFile; fileRef = AA927A54277C5A1D0077A190 /* Assets.xcassets */; };
		AA2A084D27830CA400A682C1 /* 9day_weather.json in Resources */ = {isa = PBXBuildFile; fileRef = AA2A084B27830CA400A682C1 /* 9day_weather.json */; };
		AA2A084E27830CA400A682C1 /* 9day_weather.json in Resources */ = {isa = PBXBuildFile; fileRef = AA2A084B27830CA400A682C1 /* 9day_weather.json */; };
		AA2A084F27830CA400A682C1 /* today_weather.json in Resources */ = {isa = PBXBuildFile; fileRef = AA2A084C27830CA400A682C1 /* today_weather.json */; };
		AA2A085027830CA400A682C1 /* today_weather.json in Resources */ = {isa = PBXBuildFile; fileRef = AA2A084C27830CA400A682C1 /* today_weather.json */; };
		AA3956B627B43D2B004A79EE /* Assets.xcassets in Resources */ = {isa = PBXBuildFile; fileRef = AA3956B527B43D2B004A79EE /* Assets.xcassets */; };
		AA3956BC27B43D2C004A79EE /* WeatherWatch WatchKit Extension.appex in Embed App Extensions */ = {isa = PBXBuildFile; fileRef = AA3956BB27B43D2C004A79EE /* WeatherWatch WatchKit Extension.appex */; settings = {ATTRIBUTES = (RemoveHeadersOnCopy, ); }; };
		AA3956C127B43D2C004A79EE /* weatherApp.swift in Sources */ = {isa = PBXBuildFile; fileRef = AA3956C027B43D2C004A79EE /* weatherApp.swift */; };
		AA3956C327B43D2C004A79EE /* ContentView.swift in Sources */ = {isa = PBXBuildFile; fileRef = AA3956C227B43D2C004A79EE /* ContentView.swift */; };
		AA3956C527B43D2C004A79EE /* NotificationController.swift in Sources */ = {isa = PBXBuildFile; fileRef = AA3956C427B43D2C004A79EE /* NotificationController.swift */; };
		AA3956C727B43D2C004A79EE /* NotificationView.swift in Sources */ = {isa = PBXBuildFile; fileRef = AA3956C627B43D2C004A79EE /* NotificationView.swift */; };
		AA3956C927B43D2C004A79EE /* ComplicationController.swift in Sources */ = {isa = PBXBuildFile; fileRef = AA3956C827B43D2C004A79EE /* ComplicationController.swift */; };
		AA3956CB27B43D2C004A79EE /* Assets.xcassets in Resources */ = {isa = PBXBuildFile; fileRef = AA3956CA27B43D2C004A79EE /* Assets.xcassets */; };
		AA3956CE27B43D2C004A79EE /* Preview Assets.xcassets in Resources */ = {isa = PBXBuildFile; fileRef = AA3956CD27B43D2C004A79EE /* Preview Assets.xcassets */; };
		AA3956DA27B43D2C004A79EE /* WeatherWatchTests.swift in Sources */ = {isa = PBXBuildFile; fileRef = AA3956D927B43D2C004A79EE /* WeatherWatchTests.swift */; };
		AA3956E427B43D2C004A79EE /* WeatherWatchUITests.swift in Sources */ = {isa = PBXBuildFile; fileRef = AA3956E327B43D2C004A79EE /* WeatherWatchUITests.swift */; };
		AA3956E627B43D2C004A79EE /* WeatherWatchUITestsLaunchTests.swift in Sources */ = {isa = PBXBuildFile; fileRef = AA3956E527B43D2C004A79EE /* WeatherWatchUITestsLaunchTests.swift */; };
		AA3956E927B43D2C004A79EE /* WeatherWatch.app in Embed Watch Content */ = {isa = PBXBuildFile; fileRef = AA3956B327B43D2B004A79EE /* WeatherWatch.app */; platformFilter = ios; settings = {ATTRIBUTES = (RemoveHeadersOnCopy, ); }; };
		AA3956F827B66C80004A79EE /* LocationManager.swift in Sources */ = {isa = PBXBuildFile; fileRef = AA3D58AE27A956CE0094D89B /* LocationManager.swift */; };
		AA3956F927B66E2C004A79EE /* Assets.xcassets in Resources */ = {isa = PBXBuildFile; fileRef = AA927A54277C5A1D0077A190 /* Assets.xcassets */; };
		AA3956FB27B67140004A79EE /* location.json in Resources */ = {isa = PBXBuildFile; fileRef = AA3D58AB27A950AF0094D89B /* location.json */; };
		AA3D58AC27A950AF0094D89B /* location.json in Resources */ = {isa = PBXBuildFile; fileRef = AA3D58AB27A950AF0094D89B /* location.json */; };
		AA3D58AD27A950AF0094D89B /* location.json in Resources */ = {isa = PBXBuildFile; fileRef = AA3D58AB27A950AF0094D89B /* location.json */; };
		AA3D58AF27A956CE0094D89B /* LocationManager.swift in Sources */ = {isa = PBXBuildFile; fileRef = AA3D58AE27A956CE0094D89B /* LocationManager.swift */; };
		AA3FB18A27B1612E009A5DAF /* location.json in Resources */ = {isa = PBXBuildFile; fileRef = AA3D58AB27A950AF0094D89B /* location.json */; };
		AA927A6B277C5A1D0077A190 /* Tests_iOS.swift in Sources */ = {isa = PBXBuildFile; fileRef = AA927A6A277C5A1D0077A190 /* Tests_iOS.swift */; };
		AA927A6D277C5A1D0077A190 /* Tests_iOSLaunchTests.swift in Sources */ = {isa = PBXBuildFile; fileRef = AA927A6C277C5A1D0077A190 /* Tests_iOSLaunchTests.swift */; };
		AA927A77277C5A1D0077A190 /* Tests_macOS.swift in Sources */ = {isa = PBXBuildFile; fileRef = AA927A76277C5A1D0077A190 /* Tests_macOS.swift */; };
		AA927A79277C5A1D0077A190 /* Tests_macOSLaunchTests.swift in Sources */ = {isa = PBXBuildFile; fileRef = AA927A78277C5A1D0077A190 /* Tests_macOSLaunchTests.swift */; };
		AA927A7A277C5A1D0077A190 /* weatherApp.swift in Sources */ = {isa = PBXBuildFile; fileRef = AA927A52277C5A1C0077A190 /* weatherApp.swift */; };
		AA927A7B277C5A1D0077A190 /* weatherApp.swift in Sources */ = {isa = PBXBuildFile; fileRef = AA927A52277C5A1C0077A190 /* weatherApp.swift */; };
		AA927A7C277C5A1D0077A190 /* ContentView.swift in Sources */ = {isa = PBXBuildFile; fileRef = AA927A53277C5A1C0077A190 /* ContentView.swift */; };
		AA927A7E277C5A1D0077A190 /* Assets.xcassets in Resources */ = {isa = PBXBuildFile; fileRef = AA927A54277C5A1D0077A190 /* Assets.xcassets */; };
		AA927A7F277C5A1D0077A190 /* Assets.xcassets in Resources */ = {isa = PBXBuildFile; fileRef = AA927A54277C5A1D0077A190 /* Assets.xcassets */; };
		AA9FE15F27AF054E00AB8813 /* WidgetLocationManager.swift in Sources */ = {isa = PBXBuildFile; fileRef = AA9FE15E27AF054E00AB8813 /* WidgetLocationManager.swift */; };
/* End PBXBuildFile section */

/* Begin PBXContainerItemProxy section */
		AA02A4E827AD9F9600D3A6C0 /* PBXContainerItemProxy */ = {
			isa = PBXContainerItemProxy;
			containerPortal = AA927A4D277C5A1C0077A190 /* Project object */;
			proxyType = 1;
			remoteGlobalIDString = AA02A4DE27AD9F9500D3A6C0;
			remoteInfo = WeatherWidgetExtension;
		};
		AA3956BD27B43D2C004A79EE /* PBXContainerItemProxy */ = {
			isa = PBXContainerItemProxy;
			containerPortal = AA927A4D277C5A1C0077A190 /* Project object */;
			proxyType = 1;
			remoteGlobalIDString = AA3956BA27B43D2C004A79EE;
			remoteInfo = "WeatherWatch WatchKit Extension";
		};
		AA3956D627B43D2C004A79EE /* PBXContainerItemProxy */ = {
			isa = PBXContainerItemProxy;
			containerPortal = AA927A4D277C5A1C0077A190 /* Project object */;
			proxyType = 1;
			remoteGlobalIDString = AA3956BA27B43D2C004A79EE;
			remoteInfo = "WeatherWatch WatchKit Extension";
		};
		AA3956E027B43D2C004A79EE /* PBXContainerItemProxy */ = {
			isa = PBXContainerItemProxy;
			containerPortal = AA927A4D277C5A1C0077A190 /* Project object */;
			proxyType = 1;
			remoteGlobalIDString = AA3956B227B43D2B004A79EE;
			remoteInfo = WeatherWatch;
		};
		AA3956E727B43D2C004A79EE /* PBXContainerItemProxy */ = {
			isa = PBXContainerItemProxy;
			containerPortal = AA927A4D277C5A1C0077A190 /* Project object */;
			proxyType = 1;
			remoteGlobalIDString = AA3956B227B43D2B004A79EE;
			remoteInfo = WeatherWatch;
		};
		AA927A67277C5A1D0077A190 /* PBXContainerItemProxy */ = {
			isa = PBXContainerItemProxy;
			containerPortal = AA927A4D277C5A1C0077A190 /* Project object */;
			proxyType = 1;
			remoteGlobalIDString = AA927A58277C5A1D0077A190;
			remoteInfo = "weather (iOS)";
		};
		AA927A73277C5A1D0077A190 /* PBXContainerItemProxy */ = {
			isa = PBXContainerItemProxy;
			containerPortal = AA927A4D277C5A1C0077A190 /* Project object */;
			proxyType = 1;
			remoteGlobalIDString = AA927A5E277C5A1D0077A190;
			remoteInfo = "weather (macOS)";
		};
/* End PBXContainerItemProxy section */

/* Begin PBXCopyFilesBuildPhase section */
		AA02A4AF27AD9DBD00D3A6C0 /* Embed App Extensions */ = {
			isa = PBXCopyFilesBuildPhase;
			buildActionMask = 2147483647;
			dstPath = "";
			dstSubfolderSpec = 13;
			files = (
				AA02A4EA27AD9F9600D3A6C0 /* WeatherWidgetExtension.appex in Embed App Extensions */,
			);
			name = "Embed App Extensions";
			runOnlyForDeploymentPostprocessing = 0;
		};
		AA3956ED27B43D2C004A79EE /* Embed App Extensions */ = {
			isa = PBXCopyFilesBuildPhase;
			buildActionMask = 2147483647;
			dstPath = "";
			dstSubfolderSpec = 13;
			files = (
				AA3956BC27B43D2C004A79EE /* WeatherWatch WatchKit Extension.appex in Embed App Extensions */,
			);
			name = "Embed App Extensions";
			runOnlyForDeploymentPostprocessing = 0;
		};
		AA3956F127B43D2C004A79EE /* Embed Watch Content */ = {
			isa = PBXCopyFilesBuildPhase;
			buildActionMask = 2147483647;
			dstPath = "$(CONTENTS_FOLDER_PATH)/Watch";
			dstSubfolderSpec = 16;
			files = (
				AA3956E927B43D2C004A79EE /* WeatherWatch.app in Embed Watch Content */,
			);
			name = "Embed Watch Content";
			runOnlyForDeploymentPostprocessing = 0;
		};
/* End PBXCopyFilesBuildPhase section */

/* Begin PBXFileReference section */
		AA02A4A127AD9DBC00D3A6C0 /* WidgetKit.framework */ = {isa = PBXFileReference; lastKnownFileType = wrapper.framework; name = WidgetKit.framework; path = System/Library/Frameworks/WidgetKit.framework; sourceTree = SDKROOT; };
		AA02A4A327AD9DBC00D3A6C0 /* SwiftUI.framework */ = {isa = PBXFileReference; lastKnownFileType = wrapper.framework; name = SwiftUI.framework; path = System/Library/Frameworks/SwiftUI.framework; sourceTree = SDKROOT; };
		AA02A4DF27AD9F9500D3A6C0 /* WeatherWidgetExtension.appex */ = {isa = PBXFileReference; explicitFileType = "wrapper.app-extension"; includeInIndex = 0; path = WeatherWidgetExtension.appex; sourceTree = BUILT_PRODUCTS_DIR; };
		AA02A4E327AD9F9500D3A6C0 /* WeatherWidget.swift */ = {isa = PBXFileReference; lastKnownFileType = sourcecode.swift; path = WeatherWidget.swift; sourceTree = "<group>"; };
		AA02A4E527AD9F9600D3A6C0 /* Assets.xcassets */ = {isa = PBXFileReference; lastKnownFileType = folder.assetcatalog; path = Assets.xcassets; sourceTree = "<group>"; };
		AA02A4E727AD9F9600D3A6C0 /* Info.plist */ = {isa = PBXFileReference; lastKnownFileType = text.plist.xml; path = Info.plist; sourceTree = "<group>"; };
		AA02A4EB27AD9F9600D3A6C0 /* WeatherWidgetExtension.entitlements */ = {isa = PBXFileReference; lastKnownFileType = text.plist.entitlements; path = WeatherWidgetExtension.entitlements; sourceTree = "<group>"; };
		AA2A084B27830CA400A682C1 /* 9day_weather.json */ = {isa = PBXFileReference; fileEncoding = 4; lastKnownFileType = text.json; path = 9day_weather.json; sourceTree = "<group>"; };
		AA2A084C27830CA400A682C1 /* today_weather.json */ = {isa = PBXFileReference; fileEncoding = 4; lastKnownFileType = text.json; path = today_weather.json; sourceTree = "<group>"; };
		AA3956B327B43D2B004A79EE /* WeatherWatch.app */ = {isa = PBXFileReference; explicitFileType = wrapper.application; includeInIndex = 0; path = WeatherWatch.app; sourceTree = BUILT_PRODUCTS_DIR; };
		AA3956B527B43D2B004A79EE /* Assets.xcassets */ = {isa = PBXFileReference; lastKnownFileType = folder.assetcatalog; path = Assets.xcassets; sourceTree = "<group>"; };
		AA3956BB27B43D2C004A79EE /* WeatherWatch WatchKit Extension.appex */ = {isa = PBXFileReference; explicitFileType = "wrapper.app-extension"; includeInIndex = 0; path = "WeatherWatch WatchKit Extension.appex"; sourceTree = BUILT_PRODUCTS_DIR; };
		AA3956C027B43D2C004A79EE /* weatherApp.swift */ = {isa = PBXFileReference; lastKnownFileType = sourcecode.swift; path = weatherApp.swift; sourceTree = "<group>"; };
		AA3956C227B43D2C004A79EE /* ContentView.swift */ = {isa = PBXFileReference; lastKnownFileType = sourcecode.swift; path = ContentView.swift; sourceTree = "<group>"; };
		AA3956C427B43D2C004A79EE /* NotificationController.swift */ = {isa = PBXFileReference; lastKnownFileType = sourcecode.swift; path = NotificationController.swift; sourceTree = "<group>"; };
		AA3956C627B43D2C004A79EE /* NotificationView.swift */ = {isa = PBXFileReference; lastKnownFileType = sourcecode.swift; path = NotificationView.swift; sourceTree = "<group>"; };
		AA3956C827B43D2C004A79EE /* ComplicationController.swift */ = {isa = PBXFileReference; lastKnownFileType = sourcecode.swift; path = ComplicationController.swift; sourceTree = "<group>"; };
		AA3956CA27B43D2C004A79EE /* Assets.xcassets */ = {isa = PBXFileReference; lastKnownFileType = folder.assetcatalog; path = Assets.xcassets; sourceTree = "<group>"; };
		AA3956CD27B43D2C004A79EE /* Preview Assets.xcassets */ = {isa = PBXFileReference; lastKnownFileType = folder.assetcatalog; path = "Preview Assets.xcassets"; sourceTree = "<group>"; };
		AA3956CF27B43D2C004A79EE /* Info.plist */ = {isa = PBXFileReference; lastKnownFileType = text.plist.xml; path = Info.plist; sourceTree = "<group>"; };
		AA3956D027B43D2C004A79EE /* PushNotificationPayload.apns */ = {isa = PBXFileReference; lastKnownFileType = text; path = PushNotificationPayload.apns; sourceTree = "<group>"; };
		AA3956D527B43D2C004A79EE /* WeatherWatchTests.xctest */ = {isa = PBXFileReference; explicitFileType = wrapper.cfbundle; includeInIndex = 0; path = WeatherWatchTests.xctest; sourceTree = BUILT_PRODUCTS_DIR; };
		AA3956D927B43D2C004A79EE /* WeatherWatchTests.swift */ = {isa = PBXFileReference; lastKnownFileType = sourcecode.swift; path = WeatherWatchTests.swift; sourceTree = "<group>"; };
		AA3956DF27B43D2C004A79EE /* WeatherWatchUITests.xctest */ = {isa = PBXFileReference; explicitFileType = wrapper.cfbundle; includeInIndex = 0; path = WeatherWatchUITests.xctest; sourceTree = BUILT_PRODUCTS_DIR; };
		AA3956E327B43D2C004A79EE /* WeatherWatchUITests.swift */ = {isa = PBXFileReference; lastKnownFileType = sourcecode.swift; path = WeatherWatchUITests.swift; sourceTree = "<group>"; };
		AA3956E527B43D2C004A79EE /* WeatherWatchUITestsLaunchTests.swift */ = {isa = PBXFileReference; lastKnownFileType = sourcecode.swift; path = WeatherWatchUITestsLaunchTests.swift; sourceTree = "<group>"; };
		AA3B6F4D27B15A1100D4CD1D /* weather--iOS--Info.plist */ = {isa = PBXFileReference; fileEncoding = 4; lastKnownFileType = text.plist.xml; path = "weather--iOS--Info.plist"; sourceTree = "<group>"; };
		AA3D58A927A6A9FB0094D89B /* weather (iOS).entitlements */ = {isa = PBXFileReference; lastKnownFileType = text.plist.entitlements; path = "weather (iOS).entitlements"; sourceTree = "<group>"; };
		AA3D58AB27A950AF0094D89B /* location.json */ = {isa = PBXFileReference; fileEncoding = 4; lastKnownFileType = text.json; path = location.json; sourceTree = "<group>"; };
		AA3D58AE27A956CE0094D89B /* LocationManager.swift */ = {isa = PBXFileReference; lastKnownFileType = sourcecode.swift; path = LocationManager.swift; sourceTree = "<group>"; };
		AA927A52277C5A1C0077A190 /* weatherApp.swift */ = {isa = PBXFileReference; lastKnownFileType = sourcecode.swift; path = weatherApp.swift; sourceTree = "<group>"; };
		AA927A53277C5A1C0077A190 /* ContentView.swift */ = {isa = PBXFileReference; lastKnownFileType = sourcecode.swift; path = ContentView.swift; sourceTree = "<group>"; };
		AA927A54277C5A1D0077A190 /* Assets.xcassets */ = {isa = PBXFileReference; lastKnownFileType = folder.assetcatalog; path = Assets.xcassets; sourceTree = "<group>"; };
		AA927A59277C5A1D0077A190 /* HKWeather.app */ = {isa = PBXFileReference; explicitFileType = wrapper.application; includeInIndex = 0; path = HKWeather.app; sourceTree = BUILT_PRODUCTS_DIR; };
		AA927A5F277C5A1D0077A190 /* weather.app */ = {isa = PBXFileReference; explicitFileType = wrapper.application; includeInIndex = 0; path = weather.app; sourceTree = BUILT_PRODUCTS_DIR; };
		AA927A61277C5A1D0077A190 /* macOS.entitlements */ = {isa = PBXFileReference; lastKnownFileType = text.plist.entitlements; path = macOS.entitlements; sourceTree = "<group>"; };
		AA927A66277C5A1D0077A190 /* Tests iOS.xctest */ = {isa = PBXFileReference; explicitFileType = wrapper.cfbundle; includeInIndex = 0; path = "Tests iOS.xctest"; sourceTree = BUILT_PRODUCTS_DIR; };
		AA927A6A277C5A1D0077A190 /* Tests_iOS.swift */ = {isa = PBXFileReference; lastKnownFileType = sourcecode.swift; path = Tests_iOS.swift; sourceTree = "<group>"; };
		AA927A6C277C5A1D0077A190 /* Tests_iOSLaunchTests.swift */ = {isa = PBXFileReference; lastKnownFileType = sourcecode.swift; path = Tests_iOSLaunchTests.swift; sourceTree = "<group>"; };
		AA927A72277C5A1D0077A190 /* Tests macOS.xctest */ = {isa = PBXFileReference; explicitFileType = wrapper.cfbundle; includeInIndex = 0; path = "Tests macOS.xctest"; sourceTree = BUILT_PRODUCTS_DIR; };
		AA927A76277C5A1D0077A190 /* Tests_macOS.swift */ = {isa = PBXFileReference; lastKnownFileType = sourcecode.swift; path = Tests_macOS.swift; sourceTree = "<group>"; };
		AA927A78277C5A1D0077A190 /* Tests_macOSLaunchTests.swift */ = {isa = PBXFileReference; lastKnownFileType = sourcecode.swift; path = Tests_macOSLaunchTests.swift; sourceTree = "<group>"; };
		AA9FE15E27AF054E00AB8813 /* WidgetLocationManager.swift */ = {isa = PBXFileReference; lastKnownFileType = sourcecode.swift; path = WidgetLocationManager.swift; sourceTree = "<group>"; };
/* End PBXFileReference section */

/* Begin PBXFrameworksBuildPhase section */
		AA02A4DC27AD9F9500D3A6C0 /* Frameworks */ = {
			isa = PBXFrameworksBuildPhase;
			buildActionMask = 2147483647;
			files = (
				AA02A4E127AD9F9500D3A6C0 /* SwiftUI.framework in Frameworks */,
				AA02A4E027AD9F9500D3A6C0 /* WidgetKit.framework in Frameworks */,
			);
			runOnlyForDeploymentPostprocessing = 0;
		};
		AA3956B827B43D2C004A79EE /* Frameworks */ = {
			isa = PBXFrameworksBuildPhase;
			buildActionMask = 2147483647;
			files = (
			);
			runOnlyForDeploymentPostprocessing = 0;
		};
		AA3956D227B43D2C004A79EE /* Frameworks */ = {
			isa = PBXFrameworksBuildPhase;
			buildActionMask = 2147483647;
			files = (
			);
			runOnlyForDeploymentPostprocessing = 0;
		};
		AA3956DC27B43D2C004A79EE /* Frameworks */ = {
			isa = PBXFrameworksBuildPhase;
			buildActionMask = 2147483647;
			files = (
			);
			runOnlyForDeploymentPostprocessing = 0;
		};
		AA927A56277C5A1D0077A190 /* Frameworks */ = {
			isa = PBXFrameworksBuildPhase;
			buildActionMask = 2147483647;
			files = (
			);
			runOnlyForDeploymentPostprocessing = 0;
		};
		AA927A5C277C5A1D0077A190 /* Frameworks */ = {
			isa = PBXFrameworksBuildPhase;
			buildActionMask = 2147483647;
			files = (
			);
			runOnlyForDeploymentPostprocessing = 0;
		};
		AA927A63277C5A1D0077A190 /* Frameworks */ = {
			isa = PBXFrameworksBuildPhase;
			buildActionMask = 2147483647;
			files = (
			);
			runOnlyForDeploymentPostprocessing = 0;
		};
		AA927A6F277C5A1D0077A190 /* Frameworks */ = {
			isa = PBXFrameworksBuildPhase;
			buildActionMask = 2147483647;
			files = (
			);
			runOnlyForDeploymentPostprocessing = 0;
		};
/* End PBXFrameworksBuildPhase section */

/* Begin PBXGroup section */
		AA02A4A027AD9DBC00D3A6C0 /* Frameworks */ = {
			isa = PBXGroup;
			children = (
				AA02A4A127AD9DBC00D3A6C0 /* WidgetKit.framework */,
				AA02A4A327AD9DBC00D3A6C0 /* SwiftUI.framework */,
			);
			name = Frameworks;
			sourceTree = "<group>";
		};
		AA02A4E227AD9F9500D3A6C0 /* WeatherWidget */ = {
			isa = PBXGroup;
			children = (
				AA02A4E327AD9F9500D3A6C0 /* WeatherWidget.swift */,
				AA02A4E527AD9F9600D3A6C0 /* Assets.xcassets */,
				AA02A4E727AD9F9600D3A6C0 /* Info.plist */,
				AA9FE15E27AF054E00AB8813 /* WidgetLocationManager.swift */,
			);
			path = WeatherWidget;
			sourceTree = "<group>";
		};
		AA2A084A27830C4B00A682C1 /* Preview Content */ = {
			isa = PBXGroup;
			children = (
				AA2A084B27830CA400A682C1 /* 9day_weather.json */,
				AA2A084C27830CA400A682C1 /* today_weather.json */,
			);
			path = "Preview Content";
			sourceTree = "<group>";
		};
		AA3956B427B43D2B004A79EE /* WeatherWatch */ = {
			isa = PBXGroup;
			children = (
				AA3956B527B43D2B004A79EE /* Assets.xcassets */,
			);
			path = WeatherWatch;
			sourceTree = "<group>";
		};
		AA3956BF27B43D2C004A79EE /* WeatherWatch WatchKit Extension */ = {
			isa = PBXGroup;
			children = (
				AA3956C027B43D2C004A79EE /* weatherApp.swift */,
				AA3956C227B43D2C004A79EE /* ContentView.swift */,
				AA3956C427B43D2C004A79EE /* NotificationController.swift */,
				AA3956C627B43D2C004A79EE /* NotificationView.swift */,
				AA3956C827B43D2C004A79EE /* ComplicationController.swift */,
				AA3956CA27B43D2C004A79EE /* Assets.xcassets */,
				AA3956CF27B43D2C004A79EE /* Info.plist */,
				AA3956D027B43D2C004A79EE /* PushNotificationPayload.apns */,
				AA3956CC27B43D2C004A79EE /* Preview Content */,
			);
			path = "WeatherWatch WatchKit Extension";
			sourceTree = "<group>";
		};
		AA3956CC27B43D2C004A79EE /* Preview Content */ = {
			isa = PBXGroup;
			children = (
				AA3956CD27B43D2C004A79EE /* Preview Assets.xcassets */,
			);
			path = "Preview Content";
			sourceTree = "<group>";
		};
		AA3956D827B43D2C004A79EE /* WeatherWatchTests */ = {
			isa = PBXGroup;
			children = (
				AA3956D927B43D2C004A79EE /* WeatherWatchTests.swift */,
			);
			path = WeatherWatchTests;
			sourceTree = "<group>";
		};
		AA3956E227B43D2C004A79EE /* WeatherWatchUITests */ = {
			isa = PBXGroup;
			children = (
				AA3956E327B43D2C004A79EE /* WeatherWatchUITests.swift */,
				AA3956E527B43D2C004A79EE /* WeatherWatchUITestsLaunchTests.swift */,
			);
			path = WeatherWatchUITests;
			sourceTree = "<group>";
		};
		AA3D58AA27A942E70094D89B /* Data */ = {
			isa = PBXGroup;
			children = (
				AA3D58AB27A950AF0094D89B /* location.json */,
			);
			path = Data;
			sourceTree = "<group>";
		};
		AA927A4C277C5A1C0077A190 = {
			isa = PBXGroup;
			children = (
				AA3B6F4D27B15A1100D4CD1D /* weather--iOS--Info.plist */,
				AA02A4EB27AD9F9600D3A6C0 /* WeatherWidgetExtension.entitlements */,
				AA3D58A927A6A9FB0094D89B /* weather (iOS).entitlements */,
				AA927A51277C5A1C0077A190 /* Shared */,
				AA927A60277C5A1D0077A190 /* macOS */,
				AA927A69277C5A1D0077A190 /* Tests iOS */,
				AA927A75277C5A1D0077A190 /* Tests macOS */,
				AA02A4E227AD9F9500D3A6C0 /* WeatherWidget */,
				AA3956B427B43D2B004A79EE /* WeatherWatch */,
				AA3956BF27B43D2C004A79EE /* WeatherWatch WatchKit Extension */,
				AA3956D827B43D2C004A79EE /* WeatherWatchTests */,
				AA3956E227B43D2C004A79EE /* WeatherWatchUITests */,
				AA02A4A027AD9DBC00D3A6C0 /* Frameworks */,
				AA927A5A277C5A1D0077A190 /* Products */,
			);
			sourceTree = "<group>";
		};
		AA927A51277C5A1C0077A190 /* Shared */ = {
			isa = PBXGroup;
			children = (
				AA3D58AA27A942E70094D89B /* Data */,
				AA2A084A27830C4B00A682C1 /* Preview Content */,
				AA927A52277C5A1C0077A190 /* weatherApp.swift */,
				AA927A53277C5A1C0077A190 /* ContentView.swift */,
				AA927A54277C5A1D0077A190 /* Assets.xcassets */,
				AA3D58AE27A956CE0094D89B /* LocationManager.swift */,
			);
			path = Shared;
			sourceTree = "<group>";
		};
		AA927A5A277C5A1D0077A190 /* Products */ = {
			isa = PBXGroup;
			children = (
				AA927A59277C5A1D0077A190 /* HKWeather.app */,
				AA927A5F277C5A1D0077A190 /* weather.app */,
				AA927A66277C5A1D0077A190 /* Tests iOS.xctest */,
				AA927A72277C5A1D0077A190 /* Tests macOS.xctest */,
				AA02A4DF27AD9F9500D3A6C0 /* WeatherWidgetExtension.appex */,
				AA3956B327B43D2B004A79EE /* WeatherWatch.app */,
				AA3956BB27B43D2C004A79EE /* WeatherWatch WatchKit Extension.appex */,
				AA3956D527B43D2C004A79EE /* WeatherWatchTests.xctest */,
				AA3956DF27B43D2C004A79EE /* WeatherWatchUITests.xctest */,
			);
			name = Products;
			sourceTree = "<group>";
		};
		AA927A60277C5A1D0077A190 /* macOS */ = {
			isa = PBXGroup;
			children = (
				AA927A61277C5A1D0077A190 /* macOS.entitlements */,
			);
			path = macOS;
			sourceTree = "<group>";
		};
		AA927A69277C5A1D0077A190 /* Tests iOS */ = {
			isa = PBXGroup;
			children = (
				AA927A6A277C5A1D0077A190 /* Tests_iOS.swift */,
				AA927A6C277C5A1D0077A190 /* Tests_iOSLaunchTests.swift */,
			);
			path = "Tests iOS";
			sourceTree = "<group>";
		};
		AA927A75277C5A1D0077A190 /* Tests macOS */ = {
			isa = PBXGroup;
			children = (
				AA927A76277C5A1D0077A190 /* Tests_macOS.swift */,
				AA927A78277C5A1D0077A190 /* Tests_macOSLaunchTests.swift */,
			);
			path = "Tests macOS";
			sourceTree = "<group>";
		};
/* End PBXGroup section */

/* Begin PBXNativeTarget section */
		AA02A4DE27AD9F9500D3A6C0 /* WeatherWidgetExtension */ = {
			isa = PBXNativeTarget;
			buildConfigurationList = AA02A4EC27AD9F9600D3A6C0 /* Build configuration list for PBXNativeTarget "WeatherWidgetExtension" */;
			buildPhases = (
				AA02A4DB27AD9F9500D3A6C0 /* Sources */,
				AA02A4DC27AD9F9500D3A6C0 /* Frameworks */,
				AA02A4DD27AD9F9500D3A6C0 /* Resources */,
			);
			buildRules = (
			);
			dependencies = (
			);
			name = WeatherWidgetExtension;
			productName = WeatherWidgetExtension;
			productReference = AA02A4DF27AD9F9500D3A6C0 /* WeatherWidgetExtension.appex */;
			productType = "com.apple.product-type.app-extension";
		};
		AA3956B227B43D2B004A79EE /* WeatherWatch */ = {
			isa = PBXNativeTarget;
			buildConfigurationList = AA3956EE27B43D2C004A79EE /* Build configuration list for PBXNativeTarget "WeatherWatch" */;
			buildPhases = (
				AA3956B127B43D2B004A79EE /* Resources */,
				AA3956ED27B43D2C004A79EE /* Embed App Extensions */,
			);
			buildRules = (
			);
			dependencies = (
				AA3956BE27B43D2C004A79EE /* PBXTargetDependency */,
			);
			name = WeatherWatch;
			productName = WeatherWatch;
			productReference = AA3956B327B43D2B004A79EE /* WeatherWatch.app */;
			productType = "com.apple.product-type.application.watchapp2";
		};
		AA3956BA27B43D2C004A79EE /* WeatherWatch WatchKit Extension */ = {
			isa = PBXNativeTarget;
			buildConfigurationList = AA3956EA27B43D2C004A79EE /* Build configuration list for PBXNativeTarget "WeatherWatch WatchKit Extension" */;
			buildPhases = (
				AA3956B727B43D2C004A79EE /* Sources */,
				AA3956B827B43D2C004A79EE /* Frameworks */,
				AA3956B927B43D2C004A79EE /* Resources */,
			);
			buildRules = (
			);
			dependencies = (
			);
			name = "WeatherWatch WatchKit Extension";
			productName = "WeatherWatch WatchKit Extension";
			productReference = AA3956BB27B43D2C004A79EE /* WeatherWatch WatchKit Extension.appex */;
			productType = "com.apple.product-type.watchkit2-extension";
		};
		AA3956D427B43D2C004A79EE /* WeatherWatchTests */ = {
			isa = PBXNativeTarget;
			buildConfigurationList = AA3956F227B43D2C004A79EE /* Build configuration list for PBXNativeTarget "WeatherWatchTests" */;
			buildPhases = (
				AA3956D127B43D2C004A79EE /* Sources */,
				AA3956D227B43D2C004A79EE /* Frameworks */,
				AA3956D327B43D2C004A79EE /* Resources */,
			);
			buildRules = (
			);
			dependencies = (
				AA3956D727B43D2C004A79EE /* PBXTargetDependency */,
			);
			name = WeatherWatchTests;
			productName = WeatherWatchTests;
			productReference = AA3956D527B43D2C004A79EE /* WeatherWatchTests.xctest */;
			productType = "com.apple.product-type.bundle.unit-test";
		};
		AA3956DE27B43D2C004A79EE /* WeatherWatchUITests */ = {
			isa = PBXNativeTarget;
			buildConfigurationList = AA3956F527B43D2C004A79EE /* Build configuration list for PBXNativeTarget "WeatherWatchUITests" */;
			buildPhases = (
				AA3956DB27B43D2C004A79EE /* Sources */,
				AA3956DC27B43D2C004A79EE /* Frameworks */,
				AA3956DD27B43D2C004A79EE /* Resources */,
			);
			buildRules = (
			);
			dependencies = (
				AA3956E127B43D2C004A79EE /* PBXTargetDependency */,
			);
			name = WeatherWatchUITests;
			productName = WeatherWatchUITests;
			productReference = AA3956DF27B43D2C004A79EE /* WeatherWatchUITests.xctest */;
			productType = "com.apple.product-type.bundle.ui-testing";
		};
		AA927A58277C5A1D0077A190 /* weather (iOS) */ = {
			isa = PBXNativeTarget;
			buildConfigurationList = AA927A82277C5A1D0077A190 /* Build configuration list for PBXNativeTarget "weather (iOS)" */;
			buildPhases = (
				AA927A55277C5A1D0077A190 /* Sources */,
				AA927A56277C5A1D0077A190 /* Frameworks */,
				AA927A57277C5A1D0077A190 /* Resources */,
				AA02A4AF27AD9DBD00D3A6C0 /* Embed App Extensions */,
				AA3956F127B43D2C004A79EE /* Embed Watch Content */,
			);
			buildRules = (
			);
			dependencies = (
				AA02A4E927AD9F9600D3A6C0 /* PBXTargetDependency */,
				AA3956E827B43D2C004A79EE /* PBXTargetDependency */,
			);
			name = "weather (iOS)";
			productName = "weather (iOS)";
			productReference = AA927A59277C5A1D0077A190 /* HKWeather.app */;
			productType = "com.apple.product-type.application";
		};
		AA927A5E277C5A1D0077A190 /* weather (macOS) */ = {
			isa = PBXNativeTarget;
			buildConfigurationList = AA927A85277C5A1D0077A190 /* Build configuration list for PBXNativeTarget "weather (macOS)" */;
			buildPhases = (
				AA927A5B277C5A1D0077A190 /* Sources */,
				AA927A5C277C5A1D0077A190 /* Frameworks */,
				AA927A5D277C5A1D0077A190 /* Resources */,
			);
			buildRules = (
			);
			dependencies = (
			);
			name = "weather (macOS)";
			productName = "weather (macOS)";
			productReference = AA927A5F277C5A1D0077A190 /* weather.app */;
			productType = "com.apple.product-type.application";
		};
		AA927A65277C5A1D0077A190 /* Tests iOS */ = {
			isa = PBXNativeTarget;
			buildConfigurationList = AA927A88277C5A1D0077A190 /* Build configuration list for PBXNativeTarget "Tests iOS" */;
			buildPhases = (
				AA927A62277C5A1D0077A190 /* Sources */,
				AA927A63277C5A1D0077A190 /* Frameworks */,
				AA927A64277C5A1D0077A190 /* Resources */,
			);
			buildRules = (
			);
			dependencies = (
				AA927A68277C5A1D0077A190 /* PBXTargetDependency */,
			);
			name = "Tests iOS";
			productName = "Tests iOS";
			productReference = AA927A66277C5A1D0077A190 /* Tests iOS.xctest */;
			productType = "com.apple.product-type.bundle.ui-testing";
		};
		AA927A71277C5A1D0077A190 /* Tests macOS */ = {
			isa = PBXNativeTarget;
			buildConfigurationList = AA927A8B277C5A1D0077A190 /* Build configuration list for PBXNativeTarget "Tests macOS" */;
			buildPhases = (
				AA927A6E277C5A1D0077A190 /* Sources */,
				AA927A6F277C5A1D0077A190 /* Frameworks */,
				AA927A70277C5A1D0077A190 /* Resources */,
			);
			buildRules = (
			);
			dependencies = (
				AA927A74277C5A1D0077A190 /* PBXTargetDependency */,
			);
			name = "Tests macOS";
			productName = "Tests macOS";
			productReference = AA927A72277C5A1D0077A190 /* Tests macOS.xctest */;
			productType = "com.apple.product-type.bundle.ui-testing";
		};
/* End PBXNativeTarget section */

/* Begin PBXProject section */
		AA927A4D277C5A1C0077A190 /* Project object */ = {
			isa = PBXProject;
			attributes = {
				BuildIndependentTargetsInParallel = 1;
				LastSwiftUpdateCheck = 1320;
				LastUpgradeCheck = 1320;
				TargetAttributes = {
					AA02A4DE27AD9F9500D3A6C0 = {
						CreatedOnToolsVersion = 13.2.1;
					};
					AA3956B227B43D2B004A79EE = {
						CreatedOnToolsVersion = 13.2.1;
					};
					AA3956BA27B43D2C004A79EE = {
						CreatedOnToolsVersion = 13.2.1;
					};
					AA3956D427B43D2C004A79EE = {
						CreatedOnToolsVersion = 13.2.1;
						TestTargetID = AA3956BA27B43D2C004A79EE;
					};
					AA3956DE27B43D2C004A79EE = {
						CreatedOnToolsVersion = 13.2.1;
						TestTargetID = AA3956B227B43D2B004A79EE;
					};
					AA927A58277C5A1D0077A190 = {
						CreatedOnToolsVersion = 13.2.1;
					};
					AA927A5E277C5A1D0077A190 = {
						CreatedOnToolsVersion = 13.2.1;
					};
					AA927A65277C5A1D0077A190 = {
						CreatedOnToolsVersion = 13.2.1;
						TestTargetID = AA927A58277C5A1D0077A190;
					};
					AA927A71277C5A1D0077A190 = {
						CreatedOnToolsVersion = 13.2.1;
						TestTargetID = AA927A5E277C5A1D0077A190;
					};
				};
			};
			buildConfigurationList = AA927A50277C5A1C0077A190 /* Build configuration list for PBXProject "weather" */;
			compatibilityVersion = "Xcode 13.0";
			developmentRegion = en;
			hasScannedForEncodings = 0;
			knownRegions = (
				en,
				Base,
			);
			mainGroup = AA927A4C277C5A1C0077A190;
			productRefGroup = AA927A5A277C5A1D0077A190 /* Products */;
			projectDirPath = "";
			projectRoot = "";
			targets = (
				AA927A58277C5A1D0077A190 /* weather (iOS) */,
				AA927A5E277C5A1D0077A190 /* weather (macOS) */,
				AA927A65277C5A1D0077A190 /* Tests iOS */,
				AA927A71277C5A1D0077A190 /* Tests macOS */,
				AA02A4DE27AD9F9500D3A6C0 /* WeatherWidgetExtension */,
				AA3956B227B43D2B004A79EE /* WeatherWatch */,
				AA3956BA27B43D2C004A79EE /* WeatherWatch WatchKit Extension */,
				AA3956D427B43D2C004A79EE /* WeatherWatchTests */,
				AA3956DE27B43D2C004A79EE /* WeatherWatchUITests */,
			);
		};
/* End PBXProject section */

/* Begin PBXResourcesBuildPhase section */
		AA02A4DD27AD9F9500D3A6C0 /* Resources */ = {
			isa = PBXResourcesBuildPhase;
			buildActionMask = 2147483647;
			files = (
				AA02A4F327AE7E9600D3A6C0 /* Assets.xcassets in Resources */,
				AA3FB18A27B1612E009A5DAF /* location.json in Resources */,
				AA02A4E627AD9F9600D3A6C0 /* Assets.xcassets in Resources */,
			);
			runOnlyForDeploymentPostprocessing = 0;
		};
		AA3956B127B43D2B004A79EE /* Resources */ = {
			isa = PBXResourcesBuildPhase;
			buildActionMask = 2147483647;
			files = (
				AA3956B627B43D2B004A79EE /* Assets.xcassets in Resources */,
			);
			runOnlyForDeploymentPostprocessing = 0;
		};
		AA3956B927B43D2C004A79EE /* Resources */ = {
			isa = PBXResourcesBuildPhase;
			buildActionMask = 2147483647;
			files = (
				AA3956CE27B43D2C004A79EE /* Preview Assets.xcassets in Resources */,
				AA3956F927B66E2C004A79EE /* Assets.xcassets in Resources */,
				AA3956FB27B67140004A79EE /* location.json in Resources */,
				AA3956CB27B43D2C004A79EE /* Assets.xcassets in Resources */,
			);
			runOnlyForDeploymentPostprocessing = 0;
		};
		AA3956D327B43D2C004A79EE /* Resources */ = {
			isa = PBXResourcesBuildPhase;
			buildActionMask = 2147483647;
			files = (
			);
			runOnlyForDeploymentPostprocessing = 0;
		};
		AA3956DD27B43D2C004A79EE /* Resources */ = {
			isa = PBXResourcesBuildPhase;
			buildActionMask = 2147483647;
			files = (
			);
			runOnlyForDeploymentPostprocessing = 0;
		};
		AA927A57277C5A1D0077A190 /* Resources */ = {
			isa = PBXResourcesBuildPhase;
			buildActionMask = 2147483647;
			files = (
				AA927A7E277C5A1D0077A190 /* Assets.xcassets in Resources */,
				AA2A084F27830CA400A682C1 /* today_weather.json in Resources */,
				AA3D58AC27A950AF0094D89B /* location.json in Resources */,
				AA2A084D27830CA400A682C1 /* 9day_weather.json in Resources */,
			);
			runOnlyForDeploymentPostprocessing = 0;
		};
		AA927A5D277C5A1D0077A190 /* Resources */ = {
			isa = PBXResourcesBuildPhase;
			buildActionMask = 2147483647;
			files = (
				AA927A7F277C5A1D0077A190 /* Assets.xcassets in Resources */,
				AA2A085027830CA400A682C1 /* today_weather.json in Resources */,
				AA3D58AD27A950AF0094D89B /* location.json in Resources */,
				AA2A084E27830CA400A682C1 /* 9day_weather.json in Resources */,
			);
			runOnlyForDeploymentPostprocessing = 0;
		};
		AA927A64277C5A1D0077A190 /* Resources */ = {
			isa = PBXResourcesBuildPhase;
			buildActionMask = 2147483647;
			files = (
			);
			runOnlyForDeploymentPostprocessing = 0;
		};
		AA927A70277C5A1D0077A190 /* Resources */ = {
			isa = PBXResourcesBuildPhase;
			buildActionMask = 2147483647;
			files = (
			);
			runOnlyForDeploymentPostprocessing = 0;
		};
/* End PBXResourcesBuildPhase section */

/* Begin PBXSourcesBuildPhase section */
		AA02A4DB27AD9F9500D3A6C0 /* Sources */ = {
			isa = PBXSourcesBuildPhase;
			buildActionMask = 2147483647;
			files = (
				AA9FE15F27AF054E00AB8813 /* WidgetLocationManager.swift in Sources */,
				AA02A4E427AD9F9500D3A6C0 /* WeatherWidget.swift in Sources */,
			);
			runOnlyForDeploymentPostprocessing = 0;
		};
		AA3956B727B43D2C004A79EE /* Sources */ = {
			isa = PBXSourcesBuildPhase;
			buildActionMask = 2147483647;
			files = (
				AA3956C527B43D2C004A79EE /* NotificationController.swift in Sources */,
				AA3956C327B43D2C004A79EE /* ContentView.swift in Sources */,
				AA3956F827B66C80004A79EE /* LocationManager.swift in Sources */,
				AA3956C927B43D2C004A79EE /* ComplicationController.swift in Sources */,
				AA3956C127B43D2C004A79EE /* weatherApp.swift in Sources */,
				AA3956C727B43D2C004A79EE /* NotificationView.swift in Sources */,
			);
			runOnlyForDeploymentPostprocessing = 0;
		};
		AA3956D127B43D2C004A79EE /* Sources */ = {
			isa = PBXSourcesBuildPhase;
			buildActionMask = 2147483647;
			files = (
				AA3956DA27B43D2C004A79EE /* WeatherWatchTests.swift in Sources */,
			);
			runOnlyForDeploymentPostprocessing = 0;
		};
		AA3956DB27B43D2C004A79EE /* Sources */ = {
			isa = PBXSourcesBuildPhase;
			buildActionMask = 2147483647;
			files = (
				AA3956E427B43D2C004A79EE /* WeatherWatchUITests.swift in Sources */,
				AA3956E627B43D2C004A79EE /* WeatherWatchUITestsLaunchTests.swift in Sources */,
			);
			runOnlyForDeploymentPostprocessing = 0;
		};
		AA927A55277C5A1D0077A190 /* Sources */ = {
			isa = PBXSourcesBuildPhase;
			buildActionMask = 2147483647;
			files = (
				AA927A7C277C5A1D0077A190 /* ContentView.swift in Sources */,
				AA927A7A277C5A1D0077A190 /* weatherApp.swift in Sources */,
				AA3D58AF27A956CE0094D89B /* LocationManager.swift in Sources */,
			);
			runOnlyForDeploymentPostprocessing = 0;
		};
		AA927A5B277C5A1D0077A190 /* Sources */ = {
			isa = PBXSourcesBuildPhase;
			buildActionMask = 2147483647;
			files = (
				AA927A7B277C5A1D0077A190 /* weatherApp.swift in Sources */,
			);
			runOnlyForDeploymentPostprocessing = 0;
		};
		AA927A62277C5A1D0077A190 /* Sources */ = {
			isa = PBXSourcesBuildPhase;
			buildActionMask = 2147483647;
			files = (
				AA927A6D277C5A1D0077A190 /* Tests_iOSLaunchTests.swift in Sources */,
				AA927A6B277C5A1D0077A190 /* Tests_iOS.swift in Sources */,
			);
			runOnlyForDeploymentPostprocessing = 0;
		};
		AA927A6E277C5A1D0077A190 /* Sources */ = {
			isa = PBXSourcesBuildPhase;
			buildActionMask = 2147483647;
			files = (
				AA927A79277C5A1D0077A190 /* Tests_macOSLaunchTests.swift in Sources */,
				AA927A77277C5A1D0077A190 /* Tests_macOS.swift in Sources */,
			);
			runOnlyForDeploymentPostprocessing = 0;
		};
/* End PBXSourcesBuildPhase section */

/* Begin PBXTargetDependency section */
		AA02A4E927AD9F9600D3A6C0 /* PBXTargetDependency */ = {
			isa = PBXTargetDependency;
			target = AA02A4DE27AD9F9500D3A6C0 /* WeatherWidgetExtension */;
			targetProxy = AA02A4E827AD9F9600D3A6C0 /* PBXContainerItemProxy */;
		};
		AA3956BE27B43D2C004A79EE /* PBXTargetDependency */ = {
			isa = PBXTargetDependency;
			target = AA3956BA27B43D2C004A79EE /* WeatherWatch WatchKit Extension */;
			targetProxy = AA3956BD27B43D2C004A79EE /* PBXContainerItemProxy */;
		};
		AA3956D727B43D2C004A79EE /* PBXTargetDependency */ = {
			isa = PBXTargetDependency;
			target = AA3956BA27B43D2C004A79EE /* WeatherWatch WatchKit Extension */;
			targetProxy = AA3956D627B43D2C004A79EE /* PBXContainerItemProxy */;
		};
		AA3956E127B43D2C004A79EE /* PBXTargetDependency */ = {
			isa = PBXTargetDependency;
			target = AA3956B227B43D2B004A79EE /* WeatherWatch */;
			targetProxy = AA3956E027B43D2C004A79EE /* PBXContainerItemProxy */;
		};
		AA3956E827B43D2C004A79EE /* PBXTargetDependency */ = {
			isa = PBXTargetDependency;
			platformFilter = ios;
			target = AA3956B227B43D2B004A79EE /* WeatherWatch */;
			targetProxy = AA3956E727B43D2C004A79EE /* PBXContainerItemProxy */;
		};
		AA927A68277C5A1D0077A190 /* PBXTargetDependency */ = {
			isa = PBXTargetDependency;
			target = AA927A58277C5A1D0077A190 /* weather (iOS) */;
			targetProxy = AA927A67277C5A1D0077A190 /* PBXContainerItemProxy */;
		};
		AA927A74277C5A1D0077A190 /* PBXTargetDependency */ = {
			isa = PBXTargetDependency;
			target = AA927A5E277C5A1D0077A190 /* weather (macOS) */;
			targetProxy = AA927A73277C5A1D0077A190 /* PBXContainerItemProxy */;
		};
/* End PBXTargetDependency section */

/* Begin XCBuildConfiguration section */
		AA02A4ED27AD9F9600D3A6C0 /* Debug */ = {
			isa = XCBuildConfiguration;
			buildSettings = {
				ASSETCATALOG_COMPILER_GLOBAL_ACCENT_COLOR_NAME = AccentColor;
				ASSETCATALOG_COMPILER_WIDGET_BACKGROUND_COLOR_NAME = WidgetBackground;
				CODE_SIGN_ENTITLEMENTS = WeatherWidgetExtension.entitlements;
				CODE_SIGN_STYLE = Automatic;
				CURRENT_PROJECT_VERSION = 3;
				DEVELOPMENT_TEAM = "" ;
				GENERATE_INFOPLIST_FILE = YES;
				INFOPLIST_FILE = WeatherWidget/Info.plist;
				INFOPLIST_KEY_CFBundleDisplayName = WeatherWidget;
				INFOPLIST_KEY_NSHumanReadableCopyright = "";
				INFOPLIST_KEY_NSLocationUsageDescription = "It allows us to provide weather information near your location.";
				INFOPLIST_KEY_NSLocationWhenInUseUsageDescription = "It allows us to provide weather information near your location.";
				IPHONEOS_DEPLOYMENT_TARGET = 15.2;
				LD_RUNPATH_SEARCH_PATHS = (
					"$(inherited)",
					"@executable_path/Frameworks",
					"@executable_path/../../Frameworks",
				);
				MARKETING_VERSION = 1.3;
				PRODUCT_BUNDLE_IDENTIFIER = "elvis-weather-app.weather.WeatherWidget";
				PRODUCT_NAME = "$(TARGET_NAME)";
				SDKROOT = iphoneos;
				SKIP_INSTALL = YES;
				SUPPORTS_MACCATALYST = YES;
				SWIFT_EMIT_LOC_STRINGS = YES;
				SWIFT_VERSION = 5.0;
				TARGETED_DEVICE_FAMILY = "1,2";
			};
			name = Debug;
		};
		AA02A4EE27AD9F9600D3A6C0 /* Release */ = {
			isa = XCBuildConfiguration;
			buildSettings = {
				ASSETCATALOG_COMPILER_GLOBAL_ACCENT_COLOR_NAME = AccentColor;
				ASSETCATALOG_COMPILER_WIDGET_BACKGROUND_COLOR_NAME = WidgetBackground;
				CODE_SIGN_ENTITLEMENTS = WeatherWidgetExtension.entitlements;
				CODE_SIGN_STYLE = Automatic;
				CURRENT_PROJECT_VERSION = 3;
				DEVELOPMENT_TEAM = "" ;
				GENERATE_INFOPLIST_FILE = YES;
				INFOPLIST_FILE = WeatherWidget/Info.plist;
				INFOPLIST_KEY_CFBundleDisplayName = WeatherWidget;
				INFOPLIST_KEY_NSHumanReadableCopyright = "";
				INFOPLIST_KEY_NSLocationUsageDescription = "It allows us to provide weather information near your location.";
				INFOPLIST_KEY_NSLocationWhenInUseUsageDescription = "It allows us to provide weather information near your location.";
				IPHONEOS_DEPLOYMENT_TARGET = 15.2;
				LD_RUNPATH_SEARCH_PATHS = (
					"$(inherited)",
					"@executable_path/Frameworks",
					"@executable_path/../../Frameworks",
				);
				MARKETING_VERSION = 1.3;
				PRODUCT_BUNDLE_IDENTIFIER = "elvis-weather-app.weather.WeatherWidget";
				PRODUCT_NAME = "$(TARGET_NAME)";
				SDKROOT = iphoneos;
				SKIP_INSTALL = YES;
				SUPPORTS_MACCATALYST = YES;
				SWIFT_EMIT_LOC_STRINGS = YES;
				SWIFT_VERSION = 5.0;
				TARGETED_DEVICE_FAMILY = "1,2";
				VALIDATE_PRODUCT = YES;
			};
			name = Release;
		};
		AA3956EB27B43D2C004A79EE /* Debug */ = {
			isa = XCBuildConfiguration;
			buildSettings = {
				ASSETCATALOG_COMPILER_COMPLICATION_NAME = Complication;
				CODE_SIGN_STYLE = Automatic;
				CURRENT_PROJECT_VERSION = 3;
				DEVELOPMENT_ASSET_PATHS = "\"WeatherWatch WatchKit Extension/Preview Content\"";
				DEVELOPMENT_TEAM = "" ;
				ENABLE_PREVIEWS = YES;
				GENERATE_INFOPLIST_FILE = YES;
				INFOPLIST_FILE = "WeatherWatch WatchKit Extension/Info.plist";
				INFOPLIST_KEY_CFBundleDisplayName = "WeatherWatch WatchKit Extension";
				INFOPLIST_KEY_CLKComplicationPrincipalClass = WeatherWatch_WatchKit_Extension.ComplicationController;
				INFOPLIST_KEY_NSHumanReadableCopyright = "";
				INFOPLIST_KEY_NSLocationWhenInUseUsageDescription = "It allows us to provide weather information near your location.";
				INFOPLIST_KEY_WKRunsIndependentlyOfCompanionApp = YES;
				LD_RUNPATH_SEARCH_PATHS = (
					"$(inherited)",
					"@executable_path/Frameworks",
					"@executable_path/../../Frameworks",
				);
				MARKETING_VERSION = 1.3;
				PRODUCT_BUNDLE_IDENTIFIER = "elvis-weather-app.weather.watchkitapp.watchkitextension";
				PRODUCT_NAME = "${TARGET_NAME}";
				SDKROOT = watchos;
				SKIP_INSTALL = YES;
				SWIFT_EMIT_LOC_STRINGS = YES;
				SWIFT_VERSION = 5.0;
				TARGETED_DEVICE_FAMILY = 4;
				WATCHOS_DEPLOYMENT_TARGET = 8.3;
			};
			name = Debug;
		};
		AA3956EC27B43D2C004A79EE /* Release */ = {
			isa = XCBuildConfiguration;
			buildSettings = {
				ASSETCATALOG_COMPILER_COMPLICATION_NAME = Complication;
				CODE_SIGN_STYLE = Automatic;
				CURRENT_PROJECT_VERSION = 3;
				DEVELOPMENT_ASSET_PATHS = "\"WeatherWatch WatchKit Extension/Preview Content\"";
				DEVELOPMENT_TEAM = "" ;
				ENABLE_PREVIEWS = YES;
				GENERATE_INFOPLIST_FILE = YES;
				INFOPLIST_FILE = "WeatherWatch WatchKit Extension/Info.plist";
				INFOPLIST_KEY_CFBundleDisplayName = "WeatherWatch WatchKit Extension";
				INFOPLIST_KEY_CLKComplicationPrincipalClass = WeatherWatch_WatchKit_Extension.ComplicationController;
				INFOPLIST_KEY_NSHumanReadableCopyright = "";
				INFOPLIST_KEY_NSLocationWhenInUseUsageDescription = "It allows us to provide weather information near your location.";
				INFOPLIST_KEY_WKRunsIndependentlyOfCompanionApp = YES;
				LD_RUNPATH_SEARCH_PATHS = (
					"$(inherited)",
					"@executable_path/Frameworks",
					"@executable_path/../../Frameworks",
				);
				MARKETING_VERSION = 1.3;
				PRODUCT_BUNDLE_IDENTIFIER = "elvis-weather-app.weather.watchkitapp.watchkitextension";
				PRODUCT_NAME = "${TARGET_NAME}";
				SDKROOT = watchos;
				SKIP_INSTALL = YES;
				SWIFT_EMIT_LOC_STRINGS = YES;
				SWIFT_VERSION = 5.0;
				TARGETED_DEVICE_FAMILY = 4;
				VALIDATE_PRODUCT = YES;
				WATCHOS_DEPLOYMENT_TARGET = 8.3;
			};
			name = Release;
		};
		AA3956EF27B43D2C004A79EE /* Debug */ = {
			isa = XCBuildConfiguration;
			buildSettings = {
				ALWAYS_EMBED_SWIFT_STANDARD_LIBRARIES = YES;
				ASSETCATALOG_COMPILER_APPICON_NAME = AppIcon;
				ASSETCATALOG_COMPILER_GLOBAL_ACCENT_COLOR_NAME = AccentColor;
				CODE_SIGN_STYLE = Automatic;
				CURRENT_PROJECT_VERSION = 3;
				DEVELOPMENT_TEAM = "" ;
				GENERATE_INFOPLIST_FILE = YES;
				IBSC_MODULE = WeatherWatch_WatchKit_Extension;
				INFOPLIST_KEY_CFBundleDisplayName = WeatherWatch;
				INFOPLIST_KEY_UISupportedInterfaceOrientations = "UIInterfaceOrientationPortrait UIInterfaceOrientationPortraitUpsideDown";
				INFOPLIST_KEY_WKCompanionAppBundleIdentifier = "elvis-weather-app.weather";
				MARKETING_VERSION = 1.3;
				PRODUCT_BUNDLE_IDENTIFIER = "elvis-weather-app.weather.watchkitapp";
				PRODUCT_NAME = "$(TARGET_NAME)";
				SDKROOT = watchos;
				SKIP_INSTALL = YES;
				SWIFT_EMIT_LOC_STRINGS = YES;
				SWIFT_VERSION = 5.0;
				TARGETED_DEVICE_FAMILY = 4;
				WATCHOS_DEPLOYMENT_TARGET = 8.3;
			};
			name = Debug;
		};
		AA3956F027B43D2C004A79EE /* Release */ = {
			isa = XCBuildConfiguration;
			buildSettings = {
				ALWAYS_EMBED_SWIFT_STANDARD_LIBRARIES = YES;
				ASSETCATALOG_COMPILER_APPICON_NAME = AppIcon;
				ASSETCATALOG_COMPILER_GLOBAL_ACCENT_COLOR_NAME = AccentColor;
				CODE_SIGN_STYLE = Automatic;
				CURRENT_PROJECT_VERSION = 3;
				DEVELOPMENT_TEAM = "" ;
				GENERATE_INFOPLIST_FILE = YES;
				IBSC_MODULE = WeatherWatch_WatchKit_Extension;
				INFOPLIST_KEY_CFBundleDisplayName = WeatherWatch;
				INFOPLIST_KEY_UISupportedInterfaceOrientations = "UIInterfaceOrientationPortrait UIInterfaceOrientationPortraitUpsideDown";
				INFOPLIST_KEY_WKCompanionAppBundleIdentifier = "elvis-weather-app.weather";
				MARKETING_VERSION = 1.3;
				PRODUCT_BUNDLE_IDENTIFIER = "elvis-weather-app.weather.watchkitapp";
				PRODUCT_NAME = "$(TARGET_NAME)";
				SDKROOT = watchos;
				SKIP_INSTALL = YES;
				SWIFT_EMIT_LOC_STRINGS = YES;
				SWIFT_VERSION = 5.0;
				TARGETED_DEVICE_FAMILY = 4;
				VALIDATE_PRODUCT = YES;
				WATCHOS_DEPLOYMENT_TARGET = 8.3;
			};
			name = Release;
		};
		AA3956F327B43D2C004A79EE /* Debug */ = {
			isa = XCBuildConfiguration;
			buildSettings = {
				ALWAYS_EMBED_SWIFT_STANDARD_LIBRARIES = YES;
				BUNDLE_LOADER = "$(TEST_HOST)";
				CODE_SIGN_STYLE = Automatic;
				CURRENT_PROJECT_VERSION = 1;
				DEVELOPMENT_TEAM = "" ;
				GENERATE_INFOPLIST_FILE = YES;
				MARKETING_VERSION = 1.0;
				PRODUCT_BUNDLE_IDENTIFIER = "elvis-weather-app.weather.WeatherWatchTests";
				PRODUCT_NAME = "$(TARGET_NAME)";
				SDKROOT = watchos;
				SWIFT_EMIT_LOC_STRINGS = NO;
				SWIFT_VERSION = 5.0;
				TARGETED_DEVICE_FAMILY = 4;
				TEST_HOST = "$(BUILT_PRODUCTS_DIR)/WeatherWatch WatchKit Extension.appex/WeatherWatch WatchKit Extension";
				WATCHOS_DEPLOYMENT_TARGET = 8.3;
			};
			name = Debug;
		};
		AA3956F427B43D2C004A79EE /* Release */ = {
			isa = XCBuildConfiguration;
			buildSettings = {
				ALWAYS_EMBED_SWIFT_STANDARD_LIBRARIES = YES;
				BUNDLE_LOADER = "$(TEST_HOST)";
				CODE_SIGN_STYLE = Automatic;
				CURRENT_PROJECT_VERSION = 1;
				DEVELOPMENT_TEAM = "" ;
				GENERATE_INFOPLIST_FILE = YES;
				MARKETING_VERSION = 1.0;
				PRODUCT_BUNDLE_IDENTIFIER = "elvis-weather-app.weather.WeatherWatchTests";
				PRODUCT_NAME = "$(TARGET_NAME)";
				SDKROOT = watchos;
				SWIFT_EMIT_LOC_STRINGS = NO;
				SWIFT_VERSION = 5.0;
				TARGETED_DEVICE_FAMILY = 4;
				TEST_HOST = "$(BUILT_PRODUCTS_DIR)/WeatherWatch WatchKit Extension.appex/WeatherWatch WatchKit Extension";
				VALIDATE_PRODUCT = YES;
				WATCHOS_DEPLOYMENT_TARGET = 8.3;
			};
			name = Release;
		};
		AA3956F627B43D2C004A79EE /* Debug */ = {
			isa = XCBuildConfiguration;
			buildSettings = {
				CODE_SIGN_STYLE = Automatic;
				CURRENT_PROJECT_VERSION = 1;
				DEVELOPMENT_TEAM = "" ;
				GENERATE_INFOPLIST_FILE = YES;
				MARKETING_VERSION = 1.0;
				PRODUCT_BUNDLE_IDENTIFIER = "elvis-weather-app.weather.WeatherWatchUITests";
				PRODUCT_NAME = "$(TARGET_NAME)";
				SDKROOT = watchos;
				SWIFT_EMIT_LOC_STRINGS = NO;
				SWIFT_VERSION = 5.0;
				TARGETED_DEVICE_FAMILY = 4;
				TEST_TARGET_NAME = WeatherWatch;
				WATCHOS_DEPLOYMENT_TARGET = 8.3;
			};
			name = Debug;
		};
		AA3956F727B43D2C004A79EE /* Release */ = {
			isa = XCBuildConfiguration;
			buildSettings = {
				CODE_SIGN_STYLE = Automatic;
				CURRENT_PROJECT_VERSION = 1;
				DEVELOPMENT_TEAM = "" ;
				GENERATE_INFOPLIST_FILE = YES;
				MARKETING_VERSION = 1.0;
				PRODUCT_BUNDLE_IDENTIFIER = "elvis-weather-app.weather.WeatherWatchUITests";
				PRODUCT_NAME = "$(TARGET_NAME)";
				SDKROOT = watchos;
				SWIFT_EMIT_LOC_STRINGS = NO;
				SWIFT_VERSION = 5.0;
				TARGETED_DEVICE_FAMILY = 4;
				TEST_TARGET_NAME = WeatherWatch;
				VALIDATE_PRODUCT = YES;
				WATCHOS_DEPLOYMENT_TARGET = 8.3;
			};
			name = Release;
		};
		AA927A80277C5A1D0077A190 /* Debug */ = {
			isa = XCBuildConfiguration;
			buildSettings = {
				ALWAYS_SEARCH_USER_PATHS = NO;
				CLANG_ANALYZER_NONNULL = YES;
				CLANG_ANALYZER_NUMBER_OBJECT_CONVERSION = YES_AGGRESSIVE;
				CLANG_CXX_LANGUAGE_STANDARD = "gnu++17";
				CLANG_CXX_LIBRARY = "libc++";
				CLANG_ENABLE_MODULES = YES;
				CLANG_ENABLE_OBJC_ARC = YES;
				CLANG_ENABLE_OBJC_WEAK = YES;
				CLANG_WARN_BLOCK_CAPTURE_AUTORELEASING = YES;
				CLANG_WARN_BOOL_CONVERSION = YES;
				CLANG_WARN_COMMA = YES;
				CLANG_WARN_CONSTANT_CONVERSION = YES;
				CLANG_WARN_DEPRECATED_OBJC_IMPLEMENTATIONS = YES;
				CLANG_WARN_DIRECT_OBJC_ISA_USAGE = YES_ERROR;
				CLANG_WARN_DOCUMENTATION_COMMENTS = YES;
				CLANG_WARN_EMPTY_BODY = YES;
				CLANG_WARN_ENUM_CONVERSION = YES;
				CLANG_WARN_INFINITE_RECURSION = YES;
				CLANG_WARN_INT_CONVERSION = YES;
				CLANG_WARN_NON_LITERAL_NULL_CONVERSION = YES;
				CLANG_WARN_OBJC_IMPLICIT_RETAIN_SELF = YES;
				CLANG_WARN_OBJC_LITERAL_CONVERSION = YES;
				CLANG_WARN_OBJC_ROOT_CLASS = YES_ERROR;
				CLANG_WARN_QUOTED_INCLUDE_IN_FRAMEWORK_HEADER = YES;
				CLANG_WARN_RANGE_LOOP_ANALYSIS = YES;
				CLANG_WARN_STRICT_PROTOTYPES = YES;
				CLANG_WARN_SUSPICIOUS_MOVE = YES;
				CLANG_WARN_UNGUARDED_AVAILABILITY = YES_AGGRESSIVE;
				CLANG_WARN_UNREACHABLE_CODE = YES;
				CLANG_WARN__DUPLICATE_METHOD_MATCH = YES;
				COPY_PHASE_STRIP = NO;
				DEBUG_INFORMATION_FORMAT = dwarf;
				ENABLE_STRICT_OBJC_MSGSEND = YES;
				ENABLE_TESTABILITY = YES;
				GCC_C_LANGUAGE_STANDARD = gnu11;
				GCC_DYNAMIC_NO_PIC = NO;
				GCC_NO_COMMON_BLOCKS = YES;
				GCC_OPTIMIZATION_LEVEL = 0;
				GCC_PREPROCESSOR_DEFINITIONS = (
					"DEBUG=1",
					"$(inherited)",
				);
				GCC_WARN_64_TO_32_BIT_CONVERSION = YES;
				GCC_WARN_ABOUT_RETURN_TYPE = YES_ERROR;
				GCC_WARN_UNDECLARED_SELECTOR = YES;
				GCC_WARN_UNINITIALIZED_AUTOS = YES_AGGRESSIVE;
				GCC_WARN_UNUSED_FUNCTION = YES;
				GCC_WARN_UNUSED_VARIABLE = YES;
				MTL_ENABLE_DEBUG_INFO = INCLUDE_SOURCE;
				MTL_FAST_MATH = YES;
				ONLY_ACTIVE_ARCH = YES;
				SWIFT_ACTIVE_COMPILATION_CONDITIONS = DEBUG;
				SWIFT_OPTIMIZATION_LEVEL = "-Onone";
			};
			name = Debug;
		};
		AA927A81277C5A1D0077A190 /* Release */ = {
			isa = XCBuildConfiguration;
			buildSettings = {
				ALWAYS_SEARCH_USER_PATHS = NO;
				CLANG_ANALYZER_NONNULL = YES;
				CLANG_ANALYZER_NUMBER_OBJECT_CONVERSION = YES_AGGRESSIVE;
				CLANG_CXX_LANGUAGE_STANDARD = "gnu++17";
				CLANG_CXX_LIBRARY = "libc++";
				CLANG_ENABLE_MODULES = YES;
				CLANG_ENABLE_OBJC_ARC = YES;
				CLANG_ENABLE_OBJC_WEAK = YES;
				CLANG_WARN_BLOCK_CAPTURE_AUTORELEASING = YES;
				CLANG_WARN_BOOL_CONVERSION = YES;
				CLANG_WARN_COMMA = YES;
				CLANG_WARN_CONSTANT_CONVERSION = YES;
				CLANG_WARN_DEPRECATED_OBJC_IMPLEMENTATIONS = YES;
				CLANG_WARN_DIRECT_OBJC_ISA_USAGE = YES_ERROR;
				CLANG_WARN_DOCUMENTATION_COMMENTS = YES;
				CLANG_WARN_EMPTY_BODY = YES;
				CLANG_WARN_ENUM_CONVERSION = YES;
				CLANG_WARN_INFINITE_RECURSION = YES;
				CLANG_WARN_INT_CONVERSION = YES;
				CLANG_WARN_NON_LITERAL_NULL_CONVERSION = YES;
				CLANG_WARN_OBJC_IMPLICIT_RETAIN_SELF = YES;
				CLANG_WARN_OBJC_LITERAL_CONVERSION = YES;
				CLANG_WARN_OBJC_ROOT_CLASS = YES_ERROR;
				CLANG_WARN_QUOTED_INCLUDE_IN_FRAMEWORK_HEADER = YES;
				CLANG_WARN_RANGE_LOOP_ANALYSIS = YES;
				CLANG_WARN_STRICT_PROTOTYPES = YES;
				CLANG_WARN_SUSPICIOUS_MOVE = YES;
				CLANG_WARN_UNGUARDED_AVAILABILITY = YES_AGGRESSIVE;
				CLANG_WARN_UNREACHABLE_CODE = YES;
				CLANG_WARN__DUPLICATE_METHOD_MATCH = YES;
				COPY_PHASE_STRIP = NO;
				DEBUG_INFORMATION_FORMAT = "dwarf-with-dsym";
				ENABLE_NS_ASSERTIONS = NO;
				ENABLE_STRICT_OBJC_MSGSEND = YES;
				GCC_C_LANGUAGE_STANDARD = gnu11;
				GCC_NO_COMMON_BLOCKS = YES;
				GCC_WARN_64_TO_32_BIT_CONVERSION = YES;
				GCC_WARN_ABOUT_RETURN_TYPE = YES_ERROR;
				GCC_WARN_UNDECLARED_SELECTOR = YES;
				GCC_WARN_UNINITIALIZED_AUTOS = YES_AGGRESSIVE;
				GCC_WARN_UNUSED_FUNCTION = YES;
				GCC_WARN_UNUSED_VARIABLE = YES;
				MTL_ENABLE_DEBUG_INFO = NO;
				MTL_FAST_MATH = YES;
				SWIFT_COMPILATION_MODE = wholemodule;
				SWIFT_OPTIMIZATION_LEVEL = "-O";
			};
			name = Release;
		};
		AA927A83277C5A1D0077A190 /* Debug */ = {
			isa = XCBuildConfiguration;
			buildSettings = {
				ALWAYS_EMBED_SWIFT_STANDARD_LIBRARIES = YES;
				ASSETCATALOG_COMPILER_APPICON_NAME = AppIcon;
				ASSETCATALOG_COMPILER_GLOBAL_ACCENT_COLOR_NAME = AccentColor;
				CODE_SIGN_ENTITLEMENTS = "weather (iOS).entitlements";
				CODE_SIGN_STYLE = Automatic;
				CURRENT_PROJECT_VERSION = 3;
				DEVELOPMENT_TEAM = "" ;
				ENABLE_PREVIEWS = YES;
				GENERATE_INFOPLIST_FILE = YES;
				INFOPLIST_FILE = "weather--iOS--Info.plist";
				INFOPLIST_KEY_NSLocationWhenInUseUsageDescription = "It allows us to provide weather information near your location.";
				INFOPLIST_KEY_UIApplicationSceneManifest_Generation = YES;
				INFOPLIST_KEY_UIApplicationSupportsIndirectInputEvents = YES;
				INFOPLIST_KEY_UILaunchScreen_Generation = YES;
				INFOPLIST_KEY_UISupportedInterfaceOrientations = UIInterfaceOrientationPortrait;
				INFOPLIST_KEY_UISupportedInterfaceOrientations_iPad = "UIInterfaceOrientationPortrait UIInterfaceOrientationPortraitUpsideDown UIInterfaceOrientationLandscapeLeft UIInterfaceOrientationLandscapeRight";
				INFOPLIST_KEY_UISupportedInterfaceOrientations_iPhone = "UIInterfaceOrientationPortrait UIInterfaceOrientationLandscapeLeft UIInterfaceOrientationLandscapeRight";
				IPHONEOS_DEPLOYMENT_TARGET = 15.2;
				LD_RUNPATH_SEARCH_PATHS = (
					"$(inherited)",
					"@executable_path/Frameworks",
				);
				MARKETING_VERSION = 1.3;
				PRODUCT_BUNDLE_IDENTIFIER = "elvis-weather-app.weather";
				PRODUCT_NAME = HKWeather;
				SDKROOT = iphoneos;
				SUPPORTS_MACCATALYST = YES;
				SUPPORTS_MAC_DESIGNED_FOR_IPHONE_IPAD = YES;
				SWIFT_EMIT_LOC_STRINGS = YES;
				SWIFT_VERSION = 5.0;
				TARGETED_DEVICE_FAMILY = "1,2";
			};
			name = Debug;
		};
		AA927A84277C5A1D0077A190 /* Release */ = {
			isa = XCBuildConfiguration;
			buildSettings = {
				ALWAYS_EMBED_SWIFT_STANDARD_LIBRARIES = YES;
				ASSETCATALOG_COMPILER_APPICON_NAME = AppIcon;
				ASSETCATALOG_COMPILER_GLOBAL_ACCENT_COLOR_NAME = AccentColor;
				CODE_SIGN_ENTITLEMENTS = "weather (iOS).entitlements";
				CODE_SIGN_STYLE = Automatic;
				CURRENT_PROJECT_VERSION = 3;
				DEVELOPMENT_TEAM = "" ;
				ENABLE_PREVIEWS = YES;
				GENERATE_INFOPLIST_FILE = YES;
				INFOPLIST_FILE = "weather--iOS--Info.plist";
				INFOPLIST_KEY_NSLocationWhenInUseUsageDescription = "It allows us to provide weather information near your location.";
				INFOPLIST_KEY_UIApplicationSceneManifest_Generation = YES;
				INFOPLIST_KEY_UIApplicationSupportsIndirectInputEvents = YES;
				INFOPLIST_KEY_UILaunchScreen_Generation = YES;
				INFOPLIST_KEY_UISupportedInterfaceOrientations = UIInterfaceOrientationPortrait;
				INFOPLIST_KEY_UISupportedInterfaceOrientations_iPad = "UIInterfaceOrientationPortrait UIInterfaceOrientationPortraitUpsideDown UIInterfaceOrientationLandscapeLeft UIInterfaceOrientationLandscapeRight";
				INFOPLIST_KEY_UISupportedInterfaceOrientations_iPhone = "UIInterfaceOrientationPortrait UIInterfaceOrientationLandscapeLeft UIInterfaceOrientationLandscapeRight";
				IPHONEOS_DEPLOYMENT_TARGET = 15.2;
				LD_RUNPATH_SEARCH_PATHS = (
					"$(inherited)",
					"@executable_path/Frameworks",
				);
				MARKETING_VERSION = 1.3;
				PRODUCT_BUNDLE_IDENTIFIER = "elvis-weather-app.weather";
				PRODUCT_NAME = HKWeather;
				SDKROOT = iphoneos;
				SUPPORTS_MACCATALYST = YES;
				SUPPORTS_MAC_DESIGNED_FOR_IPHONE_IPAD = YES;
				SWIFT_EMIT_LOC_STRINGS = YES;
				SWIFT_VERSION = 5.0;
				TARGETED_DEVICE_FAMILY = "1,2";
				VALIDATE_PRODUCT = YES;
			};
			name = Release;
		};
		AA927A86277C5A1D0077A190 /* Debug */ = {
			isa = XCBuildConfiguration;
			buildSettings = {
				ASSETCATALOG_COMPILER_APPICON_NAME = AppIcon;
				ASSETCATALOG_COMPILER_GLOBAL_ACCENT_COLOR_NAME = AccentColor;
				CODE_SIGN_ENTITLEMENTS = macOS/macOS.entitlements;
				CODE_SIGN_STYLE = Automatic;
				COMBINE_HIDPI_IMAGES = YES;
				CURRENT_PROJECT_VERSION = 3;
				DEVELOPMENT_TEAM = "" ;
				ENABLE_HARDENED_RUNTIME = YES;
				ENABLE_PREVIEWS = YES;
				GENERATE_INFOPLIST_FILE = YES;
				INFOPLIST_KEY_NSHumanReadableCopyright = "";
				INFOPLIST_KEY_NSLocationWhenInUseUsageDescription = "It allows us to provide weather information near your location.";
				INFOPLIST_KEY_NSPrincipalClass = "";
				LD_RUNPATH_SEARCH_PATHS = (
					"$(inherited)",
					"@executable_path/../Frameworks",
				);
				MACOSX_DEPLOYMENT_TARGET = 12.0;
				MARKETING_VERSION = 1.3;
				PRODUCT_BUNDLE_IDENTIFIER = "elvis-weather-app.weather";
				PRODUCT_NAME = weather;
				SDKROOT = macosx;
				SWIFT_EMIT_LOC_STRINGS = YES;
				SWIFT_VERSION = 5.0;
			};
			name = Debug;
		};
		AA927A87277C5A1D0077A190 /* Release */ = {
			isa = XCBuildConfiguration;
			buildSettings = {
				ASSETCATALOG_COMPILER_APPICON_NAME = AppIcon;
				ASSETCATALOG_COMPILER_GLOBAL_ACCENT_COLOR_NAME = AccentColor;
				CODE_SIGN_ENTITLEMENTS = macOS/macOS.entitlements;
				CODE_SIGN_STYLE = Automatic;
				COMBINE_HIDPI_IMAGES = YES;
				CURRENT_PROJECT_VERSION = 3;
				DEVELOPMENT_TEAM = "" ;
				ENABLE_HARDENED_RUNTIME = YES;
				ENABLE_PREVIEWS = YES;
				GENERATE_INFOPLIST_FILE = YES;
				INFOPLIST_KEY_NSHumanReadableCopyright = "";
				INFOPLIST_KEY_NSLocationWhenInUseUsageDescription = "It allows us to provide weather information near your location.";
				INFOPLIST_KEY_NSPrincipalClass = "";
				LD_RUNPATH_SEARCH_PATHS = (
					"$(inherited)",
					"@executable_path/../Frameworks",
				);
				MACOSX_DEPLOYMENT_TARGET = 12.0;
				MARKETING_VERSION = 1.3;
				PRODUCT_BUNDLE_IDENTIFIER = "elvis-weather-app.weather";
				PRODUCT_NAME = weather;
				SDKROOT = macosx;
				SWIFT_EMIT_LOC_STRINGS = YES;
				SWIFT_VERSION = 5.0;
			};
			name = Release;
		};
		AA927A89277C5A1D0077A190 /* Debug */ = {
			isa = XCBuildConfiguration;
			buildSettings = {
				ALWAYS_EMBED_SWIFT_STANDARD_LIBRARIES = YES;
				CODE_SIGN_STYLE = Automatic;
				CURRENT_PROJECT_VERSION = 1;
				DEVELOPMENT_TEAM = "" ;
				GENERATE_INFOPLIST_FILE = YES;
				INFOPLIST_KEY_NSLocationWhenInUseUsageDescription = "Your location is used to show local weather.";
				IPHONEOS_DEPLOYMENT_TARGET = 15.2;
				MARKETING_VERSION = 1.0;
				PRODUCT_BUNDLE_IDENTIFIER = "elvis-weather-app.Tests-iOS";
				PRODUCT_NAME = "$(TARGET_NAME)";
				SDKROOT = iphoneos;
				SWIFT_EMIT_LOC_STRINGS = NO;
				SWIFT_VERSION = 5.0;
				TARGETED_DEVICE_FAMILY = "1,2";
				TEST_TARGET_NAME = "weather (iOS)";
			};
			name = Debug;
		};
		AA927A8A277C5A1D0077A190 /* Release */ = {
			isa = XCBuildConfiguration;
			buildSettings = {
				ALWAYS_EMBED_SWIFT_STANDARD_LIBRARIES = YES;
				CODE_SIGN_STYLE = Automatic;
				CURRENT_PROJECT_VERSION = 1;
				DEVELOPMENT_TEAM = "" ;
				GENERATE_INFOPLIST_FILE = YES;
				INFOPLIST_KEY_NSLocationWhenInUseUsageDescription = "Your location is used to show local weather.";
				IPHONEOS_DEPLOYMENT_TARGET = 15.2;
				MARKETING_VERSION = 1.0;
				PRODUCT_BUNDLE_IDENTIFIER = "elvis-weather-app.Tests-iOS";
				PRODUCT_NAME = "$(TARGET_NAME)";
				SDKROOT = iphoneos;
				SWIFT_EMIT_LOC_STRINGS = NO;
				SWIFT_VERSION = 5.0;
				TARGETED_DEVICE_FAMILY = "1,2";
				TEST_TARGET_NAME = "weather (iOS)";
				VALIDATE_PRODUCT = YES;
			};
			name = Release;
		};
		AA927A8C277C5A1D0077A190 /* Debug */ = {
			isa = XCBuildConfiguration;
			buildSettings = {
				ALWAYS_EMBED_SWIFT_STANDARD_LIBRARIES = YES;
				CODE_SIGN_STYLE = Automatic;
				CURRENT_PROJECT_VERSION = 1;
				DEVELOPMENT_TEAM = "" ;
				GENERATE_INFOPLIST_FILE = YES;
				INFOPLIST_KEY_NSLocationWhenInUseUsageDescription = "Your location is used to show local weather.";
				MACOSX_DEPLOYMENT_TARGET = 12.1;
				MARKETING_VERSION = 1.0;
				PRODUCT_BUNDLE_IDENTIFIER = "elvis-weather-app.Tests-macOS";
				PRODUCT_NAME = "$(TARGET_NAME)";
				SDKROOT = macosx;
				SWIFT_EMIT_LOC_STRINGS = NO;
				SWIFT_VERSION = 5.0;
				TEST_TARGET_NAME = "weather (macOS)";
			};
			name = Debug;
		};
		AA927A8D277C5A1D0077A190 /* Release */ = {
			isa = XCBuildConfiguration;
			buildSettings = {
				ALWAYS_EMBED_SWIFT_STANDARD_LIBRARIES = YES;
				CODE_SIGN_STYLE = Automatic;
				CURRENT_PROJECT_VERSION = 1;
				DEVELOPMENT_TEAM = "" ;
				GENERATE_INFOPLIST_FILE = YES;
				INFOPLIST_KEY_NSLocationWhenInUseUsageDescription = "Your location is used to show local weather.";
				MACOSX_DEPLOYMENT_TARGET = 12.1;
				MARKETING_VERSION = 1.0;
				PRODUCT_BUNDLE_IDENTIFIER = "elvis-weather-app.Tests-macOS";
				PRODUCT_NAME = "$(TARGET_NAME)";
				SDKROOT = macosx;
				SWIFT_EMIT_LOC_STRINGS = NO;
				SWIFT_VERSION = 5.0;
				TEST_TARGET_NAME = "weather (macOS)";
			};
			name = Release;
		};
/* End XCBuildConfiguration section */

/* Begin XCConfigurationList section */
		AA02A4EC27AD9F9600D3A6C0 /* Build configuration list for PBXNativeTarget "WeatherWidgetExtension" */ = {
			isa = XCConfigurationList;
			buildConfigurations = (
				AA02A4ED27AD9F9600D3A6C0 /* Debug */,
				AA02A4EE27AD9F9600D3A6C0 /* Release */,
			);
			defaultConfigurationIsVisible = 0;
			defaultConfigurationName = Release;
		};
		AA3956EA27B43D2C004A79EE /* Build configuration list for PBXNativeTarget "WeatherWatch WatchKit Extension" */ = {
			isa = XCConfigurationList;
			buildConfigurations = (
				AA3956EB27B43D2C004A79EE /* Debug */,
				AA3956EC27B43D2C004A79EE /* Release */,
			);
			defaultConfigurationIsVisible = 0;
			defaultConfigurationName = Release;
		};
		AA3956EE27B43D2C004A79EE /* Build configuration list for PBXNativeTarget "WeatherWatch" */ = {
			isa = XCConfigurationList;
			buildConfigurations = (
				AA3956EF27B43D2C004A79EE /* Debug */,
				AA3956F027B43D2C004A79EE /* Release */,
			);
			defaultConfigurationIsVisible = 0;
			defaultConfigurationName = Release;
		};
		AA3956F227B43D2C004A79EE /* Build configuration list for PBXNativeTarget "WeatherWatchTests" */ = {
			isa = XCConfigurationList;
			buildConfigurations = (
				AA3956F327B43D2C004A79EE /* Debug */,
				AA3956F427B43D2C004A79EE /* Release */,
			);
			defaultConfigurationIsVisible = 0;
			defaultConfigurationName = Release;
		};
		AA3956F527B43D2C004A79EE /* Build configuration list for PBXNativeTarget "WeatherWatchUITests" */ = {
			isa = XCConfigurationList;
			buildConfigurations = (
				AA3956F627B43D2C004A79EE /* Debug */,
				AA3956F727B43D2C004A79EE /* Release */,
			);
			defaultConfigurationIsVisible = 0;
			defaultConfigurationName = Release;
		};
		AA927A50277C5A1C0077A190 /* Build configuration list for PBXProject "weather" */ = {
			isa = XCConfigurationList;
			buildConfigurations = (
				AA927A80277C5A1D0077A190 /* Debug */,
				AA927A81277C5A1D0077A190 /* Release */,
			);
			defaultConfigurationIsVisible = 0;
			defaultConfigurationName = Release;
		};
		AA927A82277C5A1D0077A190 /* Build configuration list for PBXNativeTarget "weather (iOS)" */ = {
			isa = XCConfigurationList;
			buildConfigurations = (
				AA927A83277C5A1D0077A190 /* Debug */,
				AA927A84277C5A1D0077A190 /* Release */,
			);
			defaultConfigurationIsVisible = 0;
			defaultConfigurationName = Release;
		};
		AA927A85277C5A1D0077A190 /* Build configuration list for PBXNativeTarget "weather (macOS)" */ = {
			isa = XCConfigurationList;
			buildConfigurations = (
				AA927A86277C5A1D0077A190 /* Debug */,
				AA927A87277C5A1D0077A190 /* Release */,
			);
			defaultConfigurationIsVisible = 0;
			defaultConfigurationName = Release;
		};
		AA927A88277C5A1D0077A190 /* Build configuration list for PBXNativeTarget "Tests iOS" */ = {
			isa = XCConfigurationList;
			buildConfigurations = (
				AA927A89277C5A1D0077A190 /* Debug */,
				AA927A8A277C5A1D0077A190 /* Release */,
			);
			defaultConfigurationIsVisible = 0;
			defaultConfigurationName = Release;
		};
		AA927A8B277C5A1D0077A190 /* Build configuration list for PBXNativeTarget "Tests macOS" */ = {
			isa = XCConfigurationList;
			buildConfigurations = (
				AA927A8C277C5A1D0077A190 /* Debug */,
				AA927A8D277C5A1D0077A190 /* Release */,
			);
			defaultConfigurationIsVisible = 0;
			defaultConfigurationName = Release;
		};
/* End XCConfigurationList section */
	};
	rootObject = AA927A4D277C5A1C0077A190 /* Project object */;
}
